
Microsoft Visual Studio Solution File, Format Version 12.00
# Visual Studio 15
Project("{FAE04EC0-301F-11D3-BF4B-00C04F79EFBC}") = "Assembly-CSharp", "Assembly-CSharp.csproj", "{D5A0A67D-3AEA-FA69-211D-B0E74F813BB6}"
EndProject
Project("{FAE04EC0-301F-11D3-BF4B-00C04F79EFBC}") = "Assembly-CSharp-Editor", "Assembly-CSharp-Editor.csproj", "{3A9C6F74-D3E4-E853-60C5-482969D62890}"
EndProject
Global
	GlobalSection(SolutionConfigurationPlatforms) = preSolution
		Debug|Any CPU = Debug|Any CPU
		Release|Any CPU = Release|Any CPU
	EndGlobalSection
	GlobalSection(ProjectConfigurationPlatforms) = postSolution
		{D5A0A67D-3AEA-FA69-211D-B0E74F813BB6}.Debug|Any CPU.ActiveCfg = Debug|Any CPU
		{D5A0A67D-3AEA-FA69-211D-B0E74F813BB6}.Debug|Any CPU.Build.0 = Debug|Any CPU
		{D5A0A67D-3AEA-FA69-211D-B0E74F813BB6}.Release|Any CPU.ActiveCfg = Release|Any CPU
		{D5A0A67D-3AEA-FA69-211D-B0E74F813BB6}.Release|Any CPU.Build.0 = Release|Any CPU
		{3A9C6F74-D3E4-E853-60C5-482969D62890}.Debug|Any CPU.ActiveCfg = Debug|Any CPU
		{3A9C6F74-D3E4-E853-60C5-482969D62890}.Debug|Any CPU.Build.0 = Debug|Any CPU
		{3A9C6F74-D3E4-E853-60C5-482969D62890}.Release|Any CPU.ActiveCfg = Release|Any CPU
		{3A9C6F74-D3E4-E853-60C5-482969D62890}.Release|Any CPU.Build.0 = Release|Any CPU
	EndGlobalSection
	GlobalSection(SolutionProperties) = preSolution
		HideSolutionNode = FALSE
	EndGlobalSection
	GlobalSection(MonoDevelopProperties) = preSolution
		StartupItem = Assembly-CSharp.csproj
	EndGlobalSection
EndGlobal
